// !$*UTF8*$!
{
	archiveVersion = 1;
	classes = {
	};
	objectVersion = 46;
	objects = {

/* Begin PBXBuildFile section */
		941676041C35432400130F13 /* main.m in Sources */ = {isa = PBXBuildFile; fileRef = 941676031C35432400130F13 /* main.m */; };
		941676071C35432400130F13 /* AppDelegate.m in Sources */ = {isa = PBXBuildFile; fileRef = 941676061C35432400130F13 /* AppDelegate.m */; };
		941676091C35432400130F13 /* DosVistas-Prefix.pch in Resources */ = {isa = PBXBuildFile; fileRef = 941676081C35432400130F13 /* DosVistas-Prefix.pch */; };
		9416760B1C35432400130F13 /* Images.xcassets in Resources */ = {isa = PBXBuildFile; fileRef = 9416760A1C35432400130F13 /* Images.xcassets */; };
		9416760E1C35432400130F13 /* LaunchScreen.xib in Resources */ = {isa = PBXBuildFile; fileRef = 9416760C1C35432400130F13 /* LaunchScreen.xib */; };
		9416761A1C35432500130F13 /* DosVistasTests.m in Sources */ = {isa = PBXBuildFile; fileRef = 941676191C35432500130F13 /* DosVistasTests.m */; };
		941676261C35442F00130F13 /* FirstViewController.m in Sources */ = {isa = PBXBuildFile; fileRef = 941676251C35442F00130F13 /* FirstViewController.m */; };
		941676291C35444200130F13 /* SecondViewController.m in Sources */ = {isa = PBXBuildFile; fileRef = 941676281C35444200130F13 /* SecondViewController.m */; };
		9416762B1C35446300130F13 /* FirstView.xib in Resources */ = {isa = PBXBuildFile; fileRef = 9416762A1C35446300130F13 /* FirstView.xib */; };
		9416762D1C35446F00130F13 /* SecondView.xib in Resources */ = {isa = PBXBuildFile; fileRef = 9416762C1C35446F00130F13 /* SecondView.xib */; };
		941676321C35450400130F13 /* Model.m in Sources */ = {isa = PBXBuildFile; fileRef = 941676311C35450400130F13 /* Model.m */; };
		941676361C3551A000130F13 /* spring.jpg in Resources */ = {isa = PBXBuildFile; fileRef = 941676351C3551A000130F13 /* spring.jpg */; };
		9416763E1C357C5600130F13 /* 1small.png in Resources */ = {isa = PBXBuildFile; fileRef = 9416763C1C357C5600130F13 /* 1small.png */; };
		9416763F1C357C5600130F13 /* 2small.png in Resources */ = {isa = PBXBuildFile; fileRef = 9416763D1C357C5600130F13 /* 2small.png */; };
/* End PBXBuildFile section */

/* Begin PBXContainerItemProxy section */
		941676141C35432500130F13 /* PBXContainerItemProxy */ = {
			isa = PBXContainerItemProxy;
			containerPortal = 941675F61C35432400130F13 /* Project object */;
			proxyType = 1;
			remoteGlobalIDString = 941675FD1C35432400130F13;
			remoteInfo = DosVistas;
		};
/* End PBXContainerItemProxy section */

/* Begin PBXFileReference section */
		941675FE1C35432400130F13 /* DosVistas.app */ = {isa = PBXFileReference; explicitFileType = wrapper.application; includeInIndex = 0; path = DosVistas.app; sourceTree = BUILT_PRODUCTS_DIR; };
		941676021C35432400130F13 /* Info.plist */ = {isa = PBXFileReference; lastKnownFileType = text.plist.xml; path = Info.plist; sourceTree = "<group>"; };
		941676031C35432400130F13 /* main.m */ = {isa = PBXFileReference; lastKnownFileType = sourcecode.c.objc; path = main.m; sourceTree = "<group>"; };
		941676051C35432400130F13 /* AppDelegate.h */ = {isa = PBXFileReference; lastKnownFileType = sourcecode.c.h; path = AppDelegate.h; sourceTree = "<group>"; };
		941676061C35432400130F13 /* AppDelegate.m */ = {isa = PBXFileReference; lastKnownFileType = sourcecode.c.objc; path = AppDelegate.m; sourceTree = "<group>"; };
		941676081C35432400130F13 /* DosVistas-Prefix.pch */ = {isa = PBXFileReference; lastKnownFileType = sourcecode.c.h; path = "DosVistas-Prefix.pch"; sourceTree = "<group>"; };
		9416760A1C35432400130F13 /* Images.xcassets */ = {isa = PBXFileReference; lastKnownFileType = folder.assetcatalog; path = Images.xcassets; sourceTree = "<group>"; };
		9416760D1C35432400130F13 /* Base */ = {isa = PBXFileReference; lastKnownFileType = file.xib; name = Base; path = Base.lproj/LaunchScreen.xib; sourceTree = "<group>"; };
		941676131C35432500130F13 /* DosVistasTests.xctest */ = {isa = PBXFileReference; explicitFileType = wrapper.cfbundle; includeInIndex = 0; path = DosVistasTests.xctest; sourceTree = BUILT_PRODUCTS_DIR; };
		941676181C35432500130F13 /* Info.plist */ = {isa = PBXFileReference; lastKnownFileType = text.plist.xml; path = Info.plist; sourceTree = "<group>"; };
		941676191C35432500130F13 /* DosVistasTests.m */ = {isa = PBXFileReference; lastKnownFileType = sourcecode.c.objc; path = DosVistasTests.m; sourceTree = "<group>"; };
		941676241C35442F00130F13 /* FirstViewController.h */ = {isa = PBXFileReference; fileEncoding = 4; lastKnownFileType = sourcecode.c.h; path = FirstViewController.h; sourceTree = "<group>"; };
		941676251C35442F00130F13 /* FirstViewController.m */ = {isa = PBXFileReference; fileEncoding = 4; lastKnownFileType = sourcecode.c.objc; path = FirstViewController.m; sourceTree = "<group>"; };
		941676271C35444200130F13 /* SecondViewController.h */ = {isa = PBXFileReference; fileEncoding = 4; lastKnownFileType = sourcecode.c.h; path = SecondViewController.h; sourceTree = "<group>"; };
		941676281C35444200130F13 /* SecondViewController.m */ = {isa = PBXFileReference; fileEncoding = 4; lastKnownFileType = sourcecode.c.objc; path = SecondViewController.m; sourceTree = "<group>"; };
		9416762A1C35446300130F13 /* FirstView.xib */ = {isa = PBXFileReference; fileEncoding = 4; lastKnownFileType = file.xib; path = FirstView.xib; sourceTree = "<group>"; };
		9416762C1C35446F00130F13 /* SecondView.xib */ = {isa = PBXFileReference; fileEncoding = 4; lastKnownFileType = file.xib; path = SecondView.xib; sourceTree = "<group>"; };
		941676301C35450400130F13 /* Model.h */ = {isa = PBXFileReference; fileEncoding = 4; lastKnownFileType = sourcecode.c.h; path = Model.h; sourceTree = "<group>"; };
		941676311C35450400130F13 /* Model.m */ = {isa = PBXFileReference; fileEncoding = 4; lastKnownFileType = sourcecode.c.objc; path = Model.m; sourceTree = "<group>"; };
		941676351C3551A000130F13 /* spring.jpg */ = {isa = PBXFileReference; lastKnownFileType = image.jpeg; path = spring.jpg; sourceTree = "<group>"; };
		9416763C1C357C5600130F13 /* 1small.png */ = {isa = PBXFileReference; lastKnownFileType = image.png; path = 1small.png; sourceTree = "<group>"; };
		9416763D1C357C5600130F13 /* 2small.png */ = {isa = PBXFileReference; lastKnownFileType = image.png; path = 2small.png; sourceTree = "<group>"; };
/* End PBXFileReference section */

/* Begin PBXFrameworksBuildPhase section */
		941675FB1C35432400130F13 /* Frameworks */ = {
			isa = PBXFrameworksBuildPhase;
			buildActionMask = 2147483647;
			files = (
			);
			runOnlyForDeploymentPostprocessing = 0;
		};
		941676101C35432500130F13 /* Frameworks */ = {
			isa = PBXFrameworksBuildPhase;
			buildActionMask = 2147483647;
			files = (
			);
			runOnlyForDeploymentPostprocessing = 0;
		};
/* End PBXFrameworksBuildPhase section */

/* Begin PBXGroup section */
		941675F51C35432400130F13 = {
			isa = PBXGroup;
			children = (
				941676001C35432400130F13 /* DosVistas */,
				941676161C35432500130F13 /* DosVistasTests */,
				941675FF1C35432400130F13 /* Products */,
			);
			sourceTree = "<group>";
		};
		941675FF1C35432400130F13 /* Products */ = {
			isa = PBXGroup;
			children = (
				941675FE1C35432400130F13 /* DosVistas.app */,
				941676131C35432500130F13 /* DosVistasTests.xctest */,
			);
			name = Products;
			sourceTree = "<group>";
		};
		941676001C35432400130F13 /* DosVistas */ = {
			isa = PBXGroup;
			children = (
				9416763B1C355A1F00130F13 /* imgResources */,
				941676341C35457600130F13 /* AppDelegate */,
				941676331C35450A00130F13 /* Model */,
				9416762E1C35447800130F13 /* FirstView */,
				9416762F1C35448400130F13 /* SecondView */,
				941676081C35432400130F13 /* DosVistas-Prefix.pch */,
				9416760A1C35432400130F13 /* Images.xcassets */,
				9416760C1C35432400130F13 /* LaunchScreen.xib */,
				941676011C35432400130F13 /* Supporting Files */,
			);
			path = DosVistas;
			sourceTree = "<group>";
		};
		941676011C35432400130F13 /* Supporting Files */ = {
			isa = PBXGroup;
			children = (
				941676021C35432400130F13 /* Info.plist */,
				941676031C35432400130F13 /* main.m */,
			);
			name = "Supporting Files";
			sourceTree = "<group>";
		};
		941676161C35432500130F13 /* DosVistasTests */ = {
			isa = PBXGroup;
			children = (
				941676191C35432500130F13 /* DosVistasTests.m */,
				941676171C35432500130F13 /* Supporting Files */,
			);
			path = DosVistasTests;
			sourceTree = "<group>";
		};
		941676171C35432500130F13 /* Supporting Files */ = {
			isa = PBXGroup;
			children = (
				941676181C35432500130F13 /* Info.plist */,
			);
			name = "Supporting Files";
			sourceTree = "<group>";
		};
		9416762E1C35447800130F13 /* FirstView */ = {
			isa = PBXGroup;
			children = (
				941676241C35442F00130F13 /* FirstViewController.h */,
				941676251C35442F00130F13 /* FirstViewController.m */,
				9416762A1C35446300130F13 /* FirstView.xib */,
			);
			name = FirstView;
			sourceTree = "<group>";
		};
		9416762F1C35448400130F13 /* SecondView */ = {
			isa = PBXGroup;
			children = (
				941676271C35444200130F13 /* SecondViewController.h */,
				941676281C35444200130F13 /* SecondViewController.m */,
				9416762C1C35446F00130F13 /* SecondView.xib */,
			);
			name = SecondView;
			sourceTree = "<group>";
		};
		941676331C35450A00130F13 /* Model */ = {
			isa = PBXGroup;
			children = (
				941676301C35450400130F13 /* Model.h */,
				941676311C35450400130F13 /* Model.m */,
			);
			name = Model;
			sourceTree = "<group>";
		};
		941676341C35457600130F13 /* AppDelegate */ = {
			isa = PBXGroup;
			children = (
				941676051C35432400130F13 /* AppDelegate.h */,
				941676061C35432400130F13 /* AppDelegate.m */,
			);
			name = AppDelegate;
			sourceTree = "<group>";
		};
		9416763B1C355A1F00130F13 /* imgResources */ = {
			isa = PBXGroup;
			children = (
				9416763C1C357C5600130F13 /* 1small.png */,
				9416763D1C357C5600130F13 /* 2small.png */,
				941676351C3551A000130F13 /* spring.jpg */,
			);
			name = imgResources;
			sourceTree = "<group>";
		};
/* End PBXGroup section */

/* Begin PBXNativeTarget section */
		941675FD1C35432400130F13 /* DosVistas */ = {
			isa = PBXNativeTarget;
			buildConfigurationList = 9416761D1C35432500130F13 /* Build configuration list for PBXNativeTarget "DosVistas" */;
			buildPhases = (
				941675FA1C35432400130F13 /* Sources */,
				941675FB1C35432400130F13 /* Frameworks */,
				941675FC1C35432400130F13 /* Resources */,
			);
			buildRules = (
			);
			dependencies = (
			);
			name = DosVistas;
			productName = DosVistas;
			productReference = 941675FE1C35432400130F13 /* DosVistas.app */;
			productType = "com.apple.product-type.application";
		};
		941676121C35432500130F13 /* DosVistasTests */ = {
			isa = PBXNativeTarget;
			buildConfigurationList = 941676201C35432500130F13 /* Build configuration list for PBXNativeTarget "DosVistasTests" */;
			buildPhases = (
				9416760F1C35432500130F13 /* Sources */,
				941676101C35432500130F13 /* Frameworks */,
				941676111C35432500130F13 /* Resources */,
			);
			buildRules = (
			);
			dependencies = (
				941676151C35432500130F13 /* PBXTargetDependency */,
			);
			name = DosVistasTests;
			productName = DosVistasTests;
			productReference = 941676131C35432500130F13 /* DosVistasTests.xctest */;
			productType = "com.apple.product-type.bundle.unit-test";
		};
/* End PBXNativeTarget section */

/* Begin PBXProject section */
		941675F61C35432400130F13 /* Project object */ = {
			isa = PBXProject;
			attributes = {
				LastUpgradeCheck = 0640;
				ORGANIZATIONNAME = "Héctor Gonzalo Andrés";
				TargetAttributes = {
					941675FD1C35432400130F13 = {
						CreatedOnToolsVersion = 6.4;
					};
					941676121C35432500130F13 = {
						CreatedOnToolsVersion = 6.4;
						TestTargetID = 941675FD1C35432400130F13;
					};
				};
			};
			buildConfigurationList = 941675F91C35432400130F13 /* Build configuration list for PBXProject "DosVistas" */;
			compatibilityVersion = "Xcode 3.2";
			developmentRegion = English;
			hasScannedForEncodings = 0;
			knownRegions = (
				en,
				Base,
			);
			mainGroup = 941675F51C35432400130F13;
			productRefGroup = 941675FF1C35432400130F13 /* Products */;
			projectDirPath = "";
			projectRoot = "";
			targets = (
				941675FD1C35432400130F13 /* DosVistas */,
				941676121C35432500130F13 /* DosVistasTests */,
			);
		};
/* End PBXProject section */

/* Begin PBXResourcesBuildPhase section */
		941675FC1C35432400130F13 /* Resources */ = {
			isa = PBXResourcesBuildPhase;
			buildActionMask = 2147483647;
			files = (
				941676091C35432400130F13 /* DosVistas-Prefix.pch in Resources */,
				9416762D1C35446F00130F13 /* SecondView.xib in Resources */,
				9416763F1C357C5600130F13 /* 2small.png in Resources */,
				9416763E1C357C5600130F13 /* 1small.png in Resources */,
				941676361C3551A000130F13 /* spring.jpg in Resources */,
				9416762B1C35446300130F13 /* FirstView.xib in Resources */,
				9416760E1C35432400130F13 /* LaunchScreen.xib in Resources */,
				9416760B1C35432400130F13 /* Images.xcassets in Resources */,
			);
			runOnlyForDeploymentPostprocessing = 0;
		};
		941676111C35432500130F13 /* Resources */ = {
			isa = PBXResourcesBuildPhase;
			buildActionMask = 2147483647;
			files = (
			);
			runOnlyForDeploymentPostprocessing = 0;
		};
/* End PBXResourcesBuildPhase section */

/* Begin PBXSourcesBuildPhase section */
		941675FA1C35432400130F13 /* Sources */ = {
			isa = PBXSourcesBuildPhase;
			buildActionMask = 2147483647;
			files = (
				941676291C35444200130F13 /* SecondViewController.m in Sources */,
				941676071C35432400130F13 /* AppDelegate.m in Sources */,
				941676261C35442F00130F13 /* FirstViewController.m in Sources */,
				941676041C35432400130F13 /* main.m in Sources */,
				941676321C35450400130F13 /* Model.m in Sources */,
			);
			runOnlyForDeploymentPostprocessing = 0;
		};
		9416760F1C35432500130F13 /* Sources */ = {
			isa = PBXSourcesBuildPhase;
			buildActionMask = 2147483647;
			files = (
				9416761A1C35432500130F13 /* DosVistasTests.m in Sources */,
			);
			runOnlyForDeploymentPostprocessing = 0;
		};
/* End PBXSourcesBuildPhase section */

/* Begin PBXTargetDependency section */
		941676151C35432500130F13 /* PBXTargetDependency */ = {
			isa = PBXTargetDependency;
			target = 941675FD1C35432400130F13 /* DosVistas */;
			targetProxy = 941676141C35432500130F13 /* PBXContainerItemProxy */;
		};
/* End PBXTargetDependency section */

/* Begin PBXVariantGroup section */
		9416760C1C35432400130F13 /* LaunchScreen.xib */ = {
			isa = PBXVariantGroup;
			children = (
				9416760D1C35432400130F13 /* Base */,
			);
			name = LaunchScreen.xib;
			sourceTree = "<group>";
		};
/* End PBXVariantGroup section */

/* Begin XCBuildConfiguration section */
		9416761B1C35432500130F13 /* Debug */ = {
			isa = XCBuildConfiguration;
			buildSettings = {
				ALWAYS_SEARCH_USER_PATHS = NO;
				CLANG_CXX_LANGUAGE_STANDARD = "gnu++0x";
				CLANG_CXX_LIBRARY = "libc++";
				CLANG_ENABLE_MODULES = YES;
				CLANG_ENABLE_OBJC_ARC = YES;
				CLANG_WARN_BOOL_CONVERSION = YES;
				CLANG_WARN_CONSTANT_CONVERSION = YES;
				CLANG_WARN_DIRECT_OBJC_ISA_USAGE = YES_ERROR;
				CLANG_WARN_EMPTY_BODY = YES;
				CLANG_WARN_ENUM_CONVERSION = YES;
				CLANG_WARN_INT_CONVERSION = YES;
				CLANG_WARN_OBJC_ROOT_CLASS = YES_ERROR;
				CLANG_WARN_UNREACHABLE_CODE = YES;
				CLANG_WARN__DUPLICATE_METHOD_MATCH = YES;
				"CODE_SIGN_IDENTITY[sdk=iphoneos*]" = "iPhone Developer";
				COPY_PHASE_STRIP = NO;
				DEBUG_INFORMATION_FORMAT = "dwarf-with-dsym";
				ENABLE_STRICT_OBJC_MSGSEND = YES;
				GCC_C_LANGUAGE_STANDARD = gnu99;
				GCC_DYNAMIC_NO_PIC = NO;
				GCC_NO_COMMON_BLOCKS = YES;
				GCC_OPTIMIZATION_LEVEL = 0;
				GCC_PREPROCESSOR_DEFINITIONS = (
					"DEBUG=1",
					"$(inherited)",
				);
				GCC_SYMBOLS_PRIVATE_EXTERN = NO;
				GCC_WARN_64_TO_32_BIT_CONVERSION = YES;
				GCC_WARN_ABOUT_RETURN_TYPE = YES_ERROR;
				GCC_WARN_UNDECLARED_SELECTOR = YES;
				GCC_WARN_UNINITIALIZED_AUTOS = YES_AGGRESSIVE;
				GCC_WARN_UNUSED_FUNCTION = YES;
				GCC_WARN_UNUSED_VARIABLE = YES;
				IPHONEOS_DEPLOYMENT_TARGET = 8.4;
				MTL_ENABLE_DEBUG_INFO = YES;
				ONLY_ACTIVE_ARCH = YES;
				SDKROOT = iphoneos;
				TARGETED_DEVICE_FAMILY = "1,2";
			};
			name = Debug;
		};
		9416761C1C35432500130F13 /* Release */ = {
			isa = XCBuildConfiguration;
			buildSettings = {
				ALWAYS_SEARCH_USER_PATHS = NO;
				CLANG_CXX_LANGUAGE_STANDARD = "gnu++0x";
				CLANG_CXX_LIBRARY = "libc++";
				CLANG_ENABLE_MODULES = YES;
				CLANG_ENABLE_OBJC_ARC = YES;
				CLANG_WARN_BOOL_CONVERSION = YES;
				CLANG_WARN_CONSTANT_CONVERSION = YES;
				CLANG_WARN_DIRECT_OBJC_ISA_USAGE = YES_ERROR;
				CLANG_WARN_EMPTY_BODY = YES;
				CLANG_WARN_ENUM_CONVERSION = YES;
				CLANG_WARN_INT_CONVERSION = YES;
				CLANG_WARN_OBJC_ROOT_CLASS = YES_ERROR;
				CLANG_WARN_UNREACHABLE_CODE = YES;
				CLANG_WARN__DUPLICATE_METHOD_MATCH = YES;
				"CODE_SIGN_IDENTITY[sdk=iphoneos*]" = "iPhone Developer";
				COPY_PHASE_STRIP = NO;
				DEBUG_INFORMATION_FORMAT = "dwarf-with-dsym";
				ENABLE_NS_ASSERTIONS = NO;
				ENABLE_STRICT_OBJC_MSGSEND = YES;
				GCC_C_LANGUAGE_STANDARD = gnu99;
				GCC_NO_COMMON_BLOCKS = YES;
				GCC_WARN_64_TO_32_BIT_CONVERSION = YES;
				GCC_WARN_ABOUT_RETURN_TYPE = YES_ERROR;
				GCC_WARN_UNDECLARED_SELECTOR = YES;
				GCC_WARN_UNINITIALIZED_AUTOS = YES_AGGRESSIVE;
				GCC_WARN_UNUSED_FUNCTION = YES;
				GCC_WARN_UNUSED_VARIABLE = YES;
				IPHONEOS_DEPLOYMENT_TARGET = 8.4;
				MTL_ENABLE_DEBUG_INFO = NO;
				SDKROOT = iphoneos;
				TARGETED_DEVICE_FAMILY = "1,2";
				VALIDATE_PRODUCT = YES;
			};
			name = Release;
		};
		9416761E1C35432500130F13 /* Debug */ = {
			isa = XCBuildConfiguration;
			buildSettings = {
				ASSETCATALOG_COMPILER_APPICON_NAME = AppIcon;
				INFOPLIST_FILE = DosVistas/Info.plist;
				LD_RUNPATH_SEARCH_PATHS = "$(inherited) @executable_path/Frameworks";
				PRODUCT_NAME = "$(TARGET_NAME)";
			};
			name = Debug;
		};
		9416761F1C35432500130F13 /* Release */ = {
			isa = XCBuildConfiguration;
			buildSettings = {
				ASSETCATALOG_COMPILER_APPICON_NAME = AppIcon;
				INFOPLIST_FILE = DosVistas/Info.plist;
				LD_RUNPATH_SEARCH_PATHS = "$(inherited) @executable_path/Frameworks";
				PRODUCT_NAME = "$(TARGET_NAME)";
			};
			name = Release;
		};
		941676211C35432500130F13 /* Debug */ = {
			isa = XCBuildConfiguration;
			buildSettings = {
				BUNDLE_LOADER = "$(TEST_HOST)";
				FRAMEWORK_SEARCH_PATHS = (
					"$(SDKROOT)/Developer/Library/Frameworks",
					"$(inherited)",
				);
				GCC_PREPROCESSOR_DEFINITIONS = (
					"DEBUG=1",
					"$(inherited)",
				);
				INFOPLIST_FILE = DosVistasTests/Info.plist;
				LD_RUNPATH_SEARCH_PATHS = "$(inherited) @executable_path/Frameworks @loader_path/Frameworks";
				PRODUCT_NAME = "$(TARGET_NAME)";
				TEST_HOST = "$(BUILT_PRODUCTS_DIR)/DosVistas.app/DosVistas";
			};
			name = Debug;
		};
		941676221C35432500130F13 /* Release */ = {
			isa = XCBuildConfiguration;
			buildSettings = {
				BUNDLE_LOADER = "$(TEST_HOST)";
				FRAMEWORK_SEARCH_PATHS = (
					"$(SDKROOT)/Developer/Library/Frameworks",
					"$(inherited)",
				);
				INFOPLIST_FILE = DosVistasTests/Info.plist;
				LD_RUNPATH_SEARCH_PATHS = "$(inherited) @executable_path/Frameworks @loader_path/Frameworks";
				PRODUCT_NAME = "$(TARGET_NAME)";
				TEST_HOST = "$(BUILT_PRODUCTS_DIR)/DosVistas.app/DosVistas";
			};
			name = Release;
		};
/* End XCBuildConfiguration section */

/* Begin XCConfigurationList section */
		941675F91C35432400130F13 /* Build configuration list for PBXProject "DosVistas" */ = {
			isa = XCConfigurationList;
			buildConfigurations = (
				9416761B1C35432500130F13 /* Debug */,
				9416761C1C35432500130F13 /* Release */,
			);
			defaultConfigurationIsVisible = 0;
			defaultConfigurationName = Release;
		};
		9416761D1C35432500130F13 /* Build configuration list for PBXNativeTarget "DosVistas" */ = {
			isa = XCConfigurationList;
			buildConfigurations = (
				9416761E1C35432500130F13 /* Debug */,
				9416761F1C35432500130F13 /* Release */,
			);
			defaultConfigurationIsVisible = 0;
		};
		941676201C35432500130F13 /* Build configuration list for PBXNativeTarget "DosVistasTests" */ = {
			isa = XCConfigurationList;
			buildConfigurations = (
				941676211C35432500130F13 /* Debug */,
				941676221C35432500130F13 /* Release */,
			);
			defaultConfigurationIsVisible = 0;
		};
/* End XCConfigurationList section */
	};
	rootObject = 941675F61C35432400130F13 /* Project object */;
}
