// !$*UTF8*$!
{
	archiveVersion = 1;
	classes = {
	};
	objectVersion = 46;
	objects = {

/* Begin PBXBuildFile section */
		9400A7E71C37EE3F00FA01C0 /* main.m in Sources */ = {isa = PBXBuildFile; fileRef = 9400A7E61C37EE3F00FA01C0 /* main.m */; };
		9400A7EA1C37EE3F00FA01C0 /* AppDelegate.m in Sources */ = {isa = PBXBuildFile; fileRef = 9400A7E91C37EE3F00FA01C0 /* AppDelegate.m */; };
		9400A7ED1C37EE3F00FA01C0 /* GeneralViewController.m in Sources */ = {isa = PBXBuildFile; fileRef = 9400A7EC1C37EE3F00FA01C0 /* GeneralViewController.m */; };
		9400A7F01C37EE3F00FA01C0 /* Main.storyboard in Resources */ = {isa = PBXBuildFile; fileRef = 9400A7EE1C37EE3F00FA01C0 /* Main.storyboard */; };
		9400A7F21C37EE3F00FA01C0 /* Images.xcassets in Resources */ = {isa = PBXBuildFile; fileRef = 9400A7F11C37EE3F00FA01C0 /* Images.xcassets */; };
		9400A7F51C37EE3F00FA01C0 /* LaunchScreen.xib in Resources */ = {isa = PBXBuildFile; fileRef = 9400A7F31C37EE3F00FA01C0 /* LaunchScreen.xib */; };
		9400A8011C37EE3F00FA01C0 /* RegistroTests.m in Sources */ = {isa = PBXBuildFile; fileRef = 9400A8001C37EE3F00FA01C0 /* RegistroTests.m */; };
		9400A80E1C37FCA800FA01C0 /* HGAModel.m in Sources */ = {isa = PBXBuildFile; fileRef = 9400A80D1C37FCA800FA01C0 /* HGAModel.m */; };
		9400A8121C37FD3100FA01C0 /* HGAPerson.m in Sources */ = {isa = PBXBuildFile; fileRef = 9400A8111C37FD3100FA01C0 /* HGAPerson.m */; };
		9400A8161C382E8400FA01C0 /* nameEditViewController.m in Sources */ = {isa = PBXBuildFile; fileRef = 9400A8151C382E8400FA01C0 /* nameEditViewController.m */; };
		9400A8191C382E9100FA01C0 /* surnameEditViewController.m in Sources */ = {isa = PBXBuildFile; fileRef = 9400A8181C382E9100FA01C0 /* surnameEditViewController.m */; };
		9400A81C1C382E9D00FA01C0 /* jobEditViewController.m in Sources */ = {isa = PBXBuildFile; fileRef = 9400A81B1C382E9D00FA01C0 /* jobEditViewController.m */; };
		9400A81F1C382F1700FA01C0 /* salaryEditViewController.m in Sources */ = {isa = PBXBuildFile; fileRef = 9400A81E1C382F1700FA01C0 /* salaryEditViewController.m */; };
		9400A8221C382F2700FA01C0 /* ageEditViewController.m in Sources */ = {isa = PBXBuildFile; fileRef = 9400A8211C382F2700FA01C0 /* ageEditViewController.m */; };
/* End PBXBuildFile section */

/* Begin PBXContainerItemProxy section */
		9400A7FB1C37EE3F00FA01C0 /* PBXContainerItemProxy */ = {
			isa = PBXContainerItemProxy;
			containerPortal = 9400A7D91C37EE3F00FA01C0 /* Project object */;
			proxyType = 1;
			remoteGlobalIDString = 9400A7E01C37EE3F00FA01C0;
			remoteInfo = Registro;
		};
/* End PBXContainerItemProxy section */

/* Begin PBXFileReference section */
		9400A7E11C37EE3F00FA01C0 /* Registro.app */ = {isa = PBXFileReference; explicitFileType = wrapper.application; includeInIndex = 0; path = Registro.app; sourceTree = BUILT_PRODUCTS_DIR; };
		9400A7E51C37EE3F00FA01C0 /* Info.plist */ = {isa = PBXFileReference; lastKnownFileType = text.plist.xml; path = Info.plist; sourceTree = "<group>"; };
		9400A7E61C37EE3F00FA01C0 /* main.m */ = {isa = PBXFileReference; lastKnownFileType = sourcecode.c.objc; path = main.m; sourceTree = "<group>"; };
		9400A7E81C37EE3F00FA01C0 /* AppDelegate.h */ = {isa = PBXFileReference; lastKnownFileType = sourcecode.c.h; path = AppDelegate.h; sourceTree = "<group>"; };
		9400A7E91C37EE3F00FA01C0 /* AppDelegate.m */ = {isa = PBXFileReference; lastKnownFileType = sourcecode.c.objc; path = AppDelegate.m; sourceTree = "<group>"; };
		9400A7EB1C37EE3F00FA01C0 /* GeneralViewController.h */ = {isa = PBXFileReference; lastKnownFileType = sourcecode.c.h; path = GeneralViewController.h; sourceTree = "<group>"; };
		9400A7EC1C37EE3F00FA01C0 /* GeneralViewController.m */ = {isa = PBXFileReference; lastKnownFileType = sourcecode.c.objc; path = GeneralViewController.m; sourceTree = "<group>"; };
		9400A7EF1C37EE3F00FA01C0 /* Base */ = {isa = PBXFileReference; lastKnownFileType = file.storyboard; name = Base; path = Base.lproj/Main.storyboard; sourceTree = "<group>"; };
		9400A7F11C37EE3F00FA01C0 /* Images.xcassets */ = {isa = PBXFileReference; lastKnownFileType = folder.assetcatalog; path = Images.xcassets; sourceTree = "<group>"; };
		9400A7F41C37EE3F00FA01C0 /* Base */ = {isa = PBXFileReference; lastKnownFileType = file.xib; name = Base; path = Base.lproj/LaunchScreen.xib; sourceTree = "<group>"; };
		9400A7FA1C37EE3F00FA01C0 /* RegistroTests.xctest */ = {isa = PBXFileReference; explicitFileType = wrapper.cfbundle; includeInIndex = 0; path = RegistroTests.xctest; sourceTree = BUILT_PRODUCTS_DIR; };
		9400A7FF1C37EE3F00FA01C0 /* Info.plist */ = {isa = PBXFileReference; lastKnownFileType = text.plist.xml; path = Info.plist; sourceTree = "<group>"; };
		9400A8001C37EE3F00FA01C0 /* RegistroTests.m */ = {isa = PBXFileReference; lastKnownFileType = sourcecode.c.objc; path = RegistroTests.m; sourceTree = "<group>"; };
		9400A80C1C37FCA800FA01C0 /* HGAModel.h */ = {isa = PBXFileReference; fileEncoding = 4; lastKnownFileType = sourcecode.c.h; path = HGAModel.h; sourceTree = "<group>"; };
		9400A80D1C37FCA800FA01C0 /* HGAModel.m */ = {isa = PBXFileReference; fileEncoding = 4; lastKnownFileType = sourcecode.c.objc; path = HGAModel.m; sourceTree = "<group>"; };
		9400A8101C37FD3100FA01C0 /* HGAPerson.h */ = {isa = PBXFileReference; fileEncoding = 4; lastKnownFileType = sourcecode.c.h; path = HGAPerson.h; sourceTree = "<group>"; };
		9400A8111C37FD3100FA01C0 /* HGAPerson.m */ = {isa = PBXFileReference; fileEncoding = 4; lastKnownFileType = sourcecode.c.objc; path = HGAPerson.m; sourceTree = "<group>"; };
		9400A8141C382E8400FA01C0 /* nameEditViewController.h */ = {isa = PBXFileReference; fileEncoding = 4; lastKnownFileType = sourcecode.c.h; path = nameEditViewController.h; sourceTree = "<group>"; };
		9400A8151C382E8400FA01C0 /* nameEditViewController.m */ = {isa = PBXFileReference; fileEncoding = 4; lastKnownFileType = sourcecode.c.objc; path = nameEditViewController.m; sourceTree = "<group>"; };
		9400A8171C382E9100FA01C0 /* surnameEditViewController.h */ = {isa = PBXFileReference; fileEncoding = 4; lastKnownFileType = sourcecode.c.h; path = surnameEditViewController.h; sourceTree = "<group>"; };
		9400A8181C382E9100FA01C0 /* surnameEditViewController.m */ = {isa = PBXFileReference; fileEncoding = 4; lastKnownFileType = sourcecode.c.objc; path = surnameEditViewController.m; sourceTree = "<group>"; };
		9400A81A1C382E9D00FA01C0 /* jobEditViewController.h */ = {isa = PBXFileReference; fileEncoding = 4; lastKnownFileType = sourcecode.c.h; path = jobEditViewController.h; sourceTree = "<group>"; };
		9400A81B1C382E9D00FA01C0 /* jobEditViewController.m */ = {isa = PBXFileReference; fileEncoding = 4; lastKnownFileType = sourcecode.c.objc; path = jobEditViewController.m; sourceTree = "<group>"; };
		9400A81D1C382F1700FA01C0 /* salaryEditViewController.h */ = {isa = PBXFileReference; fileEncoding = 4; lastKnownFileType = sourcecode.c.h; path = salaryEditViewController.h; sourceTree = "<group>"; };
		9400A81E1C382F1700FA01C0 /* salaryEditViewController.m */ = {isa = PBXFileReference; fileEncoding = 4; lastKnownFileType = sourcecode.c.objc; path = salaryEditViewController.m; sourceTree = "<group>"; };
		9400A8201C382F2700FA01C0 /* ageEditViewController.h */ = {isa = PBXFileReference; fileEncoding = 4; lastKnownFileType = sourcecode.c.h; path = ageEditViewController.h; sourceTree = "<group>"; };
		9400A8211C382F2700FA01C0 /* ageEditViewController.m */ = {isa = PBXFileReference; fileEncoding = 4; lastKnownFileType = sourcecode.c.objc; path = ageEditViewController.m; sourceTree = "<group>"; };
/* End PBXFileReference section */

/* Begin PBXFrameworksBuildPhase section */
		9400A7DE1C37EE3F00FA01C0 /* Frameworks */ = {
			isa = PBXFrameworksBuildPhase;
			buildActionMask = 2147483647;
			files = (
			);
			runOnlyForDeploymentPostprocessing = 0;
		};
		9400A7F71C37EE3F00FA01C0 /* Frameworks */ = {
			isa = PBXFrameworksBuildPhase;
			buildActionMask = 2147483647;
			files = (
			);
			runOnlyForDeploymentPostprocessing = 0;
		};
/* End PBXFrameworksBuildPhase section */

/* Begin PBXGroup section */
		9400A7D81C37EE3F00FA01C0 = {
			isa = PBXGroup;
			children = (
				9400A7E31C37EE3F00FA01C0 /* Registro */,
				9400A7FD1C37EE3F00FA01C0 /* RegistroTests */,
				9400A7E21C37EE3F00FA01C0 /* Products */,
			);
			sourceTree = "<group>";
		};
		9400A7E21C37EE3F00FA01C0 /* Products */ = {
			isa = PBXGroup;
			children = (
				9400A7E11C37EE3F00FA01C0 /* Registro.app */,
				9400A7FA1C37EE3F00FA01C0 /* RegistroTests.xctest */,
			);
			name = Products;
			sourceTree = "<group>";
		};
		9400A7E31C37EE3F00FA01C0 /* Registro */ = {
			isa = PBXGroup;
			children = (
				9400A80A1C37EE8100FA01C0 /* AppDelegate */,
				9400A8241C382F9600FA01C0 /* Controllers */,
				9400A80F1C37FCFB00FA01C0 /* Model */,
				9400A8131C37FD3500FA01C0 /* Person */,
				9400A7EE1C37EE3F00FA01C0 /* Main.storyboard */,
				9400A7F11C37EE3F00FA01C0 /* Images.xcassets */,
				9400A7F31C37EE3F00FA01C0 /* LaunchScreen.xib */,
				9400A7E41C37EE3F00FA01C0 /* Supporting Files */,
			);
			path = Registro;
			sourceTree = "<group>";
		};
		9400A7E41C37EE3F00FA01C0 /* Supporting Files */ = {
			isa = PBXGroup;
			children = (
				9400A7E51C37EE3F00FA01C0 /* Info.plist */,
				9400A7E61C37EE3F00FA01C0 /* main.m */,
			);
			name = "Supporting Files";
			sourceTree = "<group>";
		};
		9400A7FD1C37EE3F00FA01C0 /* RegistroTests */ = {
			isa = PBXGroup;
			children = (
				9400A8001C37EE3F00FA01C0 /* RegistroTests.m */,
				9400A7FE1C37EE3F00FA01C0 /* Supporting Files */,
			);
			path = RegistroTests;
			sourceTree = "<group>";
		};
		9400A7FE1C37EE3F00FA01C0 /* Supporting Files */ = {
			isa = PBXGroup;
			children = (
				9400A7FF1C37EE3F00FA01C0 /* Info.plist */,
			);
			name = "Supporting Files";
			sourceTree = "<group>";
		};
		9400A80A1C37EE8100FA01C0 /* AppDelegate */ = {
			isa = PBXGroup;
			children = (
				9400A7E81C37EE3F00FA01C0 /* AppDelegate.h */,
				9400A7E91C37EE3F00FA01C0 /* AppDelegate.m */,
			);
			name = AppDelegate;
			sourceTree = "<group>";
		};
		9400A80B1C37EE8F00FA01C0 /* GeneralViewController */ = {
			isa = PBXGroup;
			children = (
				9400A7EB1C37EE3F00FA01C0 /* GeneralViewController.h */,
				9400A7EC1C37EE3F00FA01C0 /* GeneralViewController.m */,
			);
			name = GeneralViewController;
			sourceTree = "<group>";
		};
		9400A80F1C37FCFB00FA01C0 /* Model */ = {
			isa = PBXGroup;
			children = (
				9400A80C1C37FCA800FA01C0 /* HGAModel.h */,
				9400A80D1C37FCA800FA01C0 /* HGAModel.m */,
			);
			name = Model;
			sourceTree = "<group>";
		};
		9400A8131C37FD3500FA01C0 /* Person */ = {
			isa = PBXGroup;
			children = (
				9400A8101C37FD3100FA01C0 /* HGAPerson.h */,
				9400A8111C37FD3100FA01C0 /* HGAPerson.m */,
			);
			name = Person;
			sourceTree = "<group>";
		};
		9400A8231C382F3100FA01C0 /* EditingViews Controllers */ = {
			isa = PBXGroup;
			children = (
				9400A8141C382E8400FA01C0 /* nameEditViewController.h */,
				9400A8151C382E8400FA01C0 /* nameEditViewController.m */,
				9400A8171C382E9100FA01C0 /* surnameEditViewController.h */,
				9400A8181C382E9100FA01C0 /* surnameEditViewController.m */,
				9400A81A1C382E9D00FA01C0 /* jobEditViewController.h */,
				9400A81B1C382E9D00FA01C0 /* jobEditViewController.m */,
				9400A8201C382F2700FA01C0 /* ageEditViewController.h */,
				9400A8211C382F2700FA01C0 /* ageEditViewController.m */,
				9400A81D1C382F1700FA01C0 /* salaryEditViewController.h */,
				9400A81E1C382F1700FA01C0 /* salaryEditViewController.m */,
			);
			name = "EditingViews Controllers";
			sourceTree = "<group>";
		};
		9400A8241C382F9600FA01C0 /* Controllers */ = {
			isa = PBXGroup;
			children = (
				9400A80B1C37EE8F00FA01C0 /* GeneralViewController */,
				9400A8231C382F3100FA01C0 /* EditingViews Controllers */,
			);
			name = Controllers;
			sourceTree = "<group>";
		};
/* End PBXGroup section */

/* Begin PBXNativeTarget section */
		9400A7E01C37EE3F00FA01C0 /* Registro */ = {
			isa = PBXNativeTarget;
			buildConfigurationList = 9400A8041C37EE3F00FA01C0 /* Build configuration list for PBXNativeTarget "Registro" */;
			buildPhases = (
				9400A7DD1C37EE3F00FA01C0 /* Sources */,
				9400A7DE1C37EE3F00FA01C0 /* Frameworks */,
				9400A7DF1C37EE3F00FA01C0 /* Resources */,
			);
			buildRules = (
			);
			dependencies = (
			);
			name = Registro;
			productName = Registro;
			productReference = 9400A7E11C37EE3F00FA01C0 /* Registro.app */;
			productType = "com.apple.product-type.application";
		};
		9400A7F91C37EE3F00FA01C0 /* RegistroTests */ = {
			isa = PBXNativeTarget;
			buildConfigurationList = 9400A8071C37EE3F00FA01C0 /* Build configuration list for PBXNativeTarget "RegistroTests" */;
			buildPhases = (
				9400A7F61C37EE3F00FA01C0 /* Sources */,
				9400A7F71C37EE3F00FA01C0 /* Frameworks */,
				9400A7F81C37EE3F00FA01C0 /* Resources */,
			);
			buildRules = (
			);
			dependencies = (
				9400A7FC1C37EE3F00FA01C0 /* PBXTargetDependency */,
			);
			name = RegistroTests;
			productName = RegistroTests;
			productReference = 9400A7FA1C37EE3F00FA01C0 /* RegistroTests.xctest */;
			productType = "com.apple.product-type.bundle.unit-test";
		};
/* End PBXNativeTarget section */

/* Begin PBXProject section */
		9400A7D91C37EE3F00FA01C0 /* Project object */ = {
			isa = PBXProject;
			attributes = {
				LastUpgradeCheck = 0640;
				ORGANIZATIONNAME = "Héctor Gonzalo Andrés";
				TargetAttributes = {
					9400A7E01C37EE3F00FA01C0 = {
						CreatedOnToolsVersion = 6.4;
					};
					9400A7F91C37EE3F00FA01C0 = {
						CreatedOnToolsVersion = 6.4;
						TestTargetID = 9400A7E01C37EE3F00FA01C0;
					};
				};
			};
			buildConfigurationList = 9400A7DC1C37EE3F00FA01C0 /* Build configuration list for PBXProject "Registro" */;
			compatibilityVersion = "Xcode 3.2";
			developmentRegion = English;
			hasScannedForEncodings = 0;
			knownRegions = (
				en,
				Base,
			);
			mainGroup = 9400A7D81C37EE3F00FA01C0;
			productRefGroup = 9400A7E21C37EE3F00FA01C0 /* Products */;
			projectDirPath = "";
			projectRoot = "";
			targets = (
				9400A7E01C37EE3F00FA01C0 /* Registro */,
				9400A7F91C37EE3F00FA01C0 /* RegistroTests */,
			);
		};
/* End PBXProject section */

/* Begin PBXResourcesBuildPhase section */
		9400A7DF1C37EE3F00FA01C0 /* Resources */ = {
			isa = PBXResourcesBuildPhase;
			buildActionMask = 2147483647;
			files = (
				9400A7F01C37EE3F00FA01C0 /* Main.storyboard in Resources */,
				9400A7F51C37EE3F00FA01C0 /* LaunchScreen.xib in Resources */,
				9400A7F21C37EE3F00FA01C0 /* Images.xcassets in Resources */,
			);
			runOnlyForDeploymentPostprocessing = 0;
		};
		9400A7F81C37EE3F00FA01C0 /* Resources */ = {
			isa = PBXResourcesBuildPhase;
			buildActionMask = 2147483647;
			files = (
			);
			runOnlyForDeploymentPostprocessing = 0;
		};
/* End PBXResourcesBuildPhase section */

/* Begin PBXSourcesBuildPhase section */
		9400A7DD1C37EE3F00FA01C0 /* Sources */ = {
			isa = PBXSourcesBuildPhase;
			buildActionMask = 2147483647;
			files = (
				9400A7ED1C37EE3F00FA01C0 /* GeneralViewController.m in Sources */,
				9400A8161C382E8400FA01C0 /* nameEditViewController.m in Sources */,
				9400A8221C382F2700FA01C0 /* ageEditViewController.m in Sources */,
				9400A81C1C382E9D00FA01C0 /* jobEditViewController.m in Sources */,
				9400A7EA1C37EE3F00FA01C0 /* AppDelegate.m in Sources */,
				9400A8191C382E9100FA01C0 /* surnameEditViewController.m in Sources */,
				9400A8121C37FD3100FA01C0 /* HGAPerson.m in Sources */,
				9400A80E1C37FCA800FA01C0 /* HGAModel.m in Sources */,
				9400A81F1C382F1700FA01C0 /* salaryEditViewController.m in Sources */,
				9400A7E71C37EE3F00FA01C0 /* main.m in Sources */,
			);
			runOnlyForDeploymentPostprocessing = 0;
		};
		9400A7F61C37EE3F00FA01C0 /* Sources */ = {
			isa = PBXSourcesBuildPhase;
			buildActionMask = 2147483647;
			files = (
				9400A8011C37EE3F00FA01C0 /* RegistroTests.m in Sources */,
			);
			runOnlyForDeploymentPostprocessing = 0;
		};
/* End PBXSourcesBuildPhase section */

/* Begin PBXTargetDependency section */
		9400A7FC1C37EE3F00FA01C0 /* PBXTargetDependency */ = {
			isa = PBXTargetDependency;
			target = 9400A7E01C37EE3F00FA01C0 /* Registro */;
			targetProxy = 9400A7FB1C37EE3F00FA01C0 /* PBXContainerItemProxy */;
		};
/* End PBXTargetDependency section */

/* Begin PBXVariantGroup section */
		9400A7EE1C37EE3F00FA01C0 /* Main.storyboard */ = {
			isa = PBXVariantGroup;
			children = (
				9400A7EF1C37EE3F00FA01C0 /* Base */,
			);
			name = Main.storyboard;
			sourceTree = "<group>";
		};
		9400A7F31C37EE3F00FA01C0 /* LaunchScreen.xib */ = {
			isa = PBXVariantGroup;
			children = (
				9400A7F41C37EE3F00FA01C0 /* Base */,
			);
			name = LaunchScreen.xib;
			sourceTree = "<group>";
		};
/* End PBXVariantGroup section */

/* Begin XCBuildConfiguration section */
		9400A8021C37EE3F00FA01C0 /* Debug */ = {
			isa = XCBuildConfiguration;
			buildSettings = {
				ALWAYS_SEARCH_USER_PATHS = NO;
				CLANG_CXX_LANGUAGE_STANDARD = "gnu++0x";
				CLANG_CXX_LIBRARY = "libc++";
				CLANG_ENABLE_MODULES = YES;
				CLANG_ENABLE_OBJC_ARC = YES;
				CLANG_WARN_BOOL_CONVERSION = YES;
				CLANG_WARN_CONSTANT_CONVERSION = YES;
				CLANG_WARN_DIRECT_OBJC_ISA_USAGE = YES_ERROR;
				CLANG_WARN_EMPTY_BODY = YES;
				CLANG_WARN_ENUM_CONVERSION = YES;
				CLANG_WARN_INT_CONVERSION = YES;
				CLANG_WARN_OBJC_ROOT_CLASS = YES_ERROR;
				CLANG_WARN_UNREACHABLE_CODE = YES;
				CLANG_WARN__DUPLICATE_METHOD_MATCH = YES;
				"CODE_SIGN_IDENTITY[sdk=iphoneos*]" = "iPhone Developer";
				COPY_PHASE_STRIP = NO;
				DEBUG_INFORMATION_FORMAT = "dwarf-with-dsym";
				ENABLE_STRICT_OBJC_MSGSEND = YES;
				GCC_C_LANGUAGE_STANDARD = gnu99;
				GCC_DYNAMIC_NO_PIC = NO;
				GCC_NO_COMMON_BLOCKS = YES;
				GCC_OPTIMIZATION_LEVEL = 0;
				GCC_PREPROCESSOR_DEFINITIONS = (
					"DEBUG=1",
					"$(inherited)",
				);
				GCC_SYMBOLS_PRIVATE_EXTERN = NO;
				GCC_WARN_64_TO_32_BIT_CONVERSION = YES;
				GCC_WARN_ABOUT_RETURN_TYPE = YES_ERROR;
				GCC_WARN_UNDECLARED_SELECTOR = YES;
				GCC_WARN_UNINITIALIZED_AUTOS = YES_AGGRESSIVE;
				GCC_WARN_UNUSED_FUNCTION = YES;
				GCC_WARN_UNUSED_VARIABLE = YES;
				IPHONEOS_DEPLOYMENT_TARGET = 8.4;
				MTL_ENABLE_DEBUG_INFO = YES;
				ONLY_ACTIVE_ARCH = YES;
				SDKROOT = iphoneos;
			};
			name = Debug;
		};
		9400A8031C37EE3F00FA01C0 /* Release */ = {
			isa = XCBuildConfiguration;
			buildSettings = {
				ALWAYS_SEARCH_USER_PATHS = NO;
				CLANG_CXX_LANGUAGE_STANDARD = "gnu++0x";
				CLANG_CXX_LIBRARY = "libc++";
				CLANG_ENABLE_MODULES = YES;
				CLANG_ENABLE_OBJC_ARC = YES;
				CLANG_WARN_BOOL_CONVERSION = YES;
				CLANG_WARN_CONSTANT_CONVERSION = YES;
				CLANG_WARN_DIRECT_OBJC_ISA_USAGE = YES_ERROR;
				CLANG_WARN_EMPTY_BODY = YES;
				CLANG_WARN_ENUM_CONVERSION = YES;
				CLANG_WARN_INT_CONVERSION = YES;
				CLANG_WARN_OBJC_ROOT_CLASS = YES_ERROR;
				CLANG_WARN_UNREACHABLE_CODE = YES;
				CLANG_WARN__DUPLICATE_METHOD_MATCH = YES;
				"CODE_SIGN_IDENTITY[sdk=iphoneos*]" = "iPhone Developer";
				COPY_PHASE_STRIP = NO;
				DEBUG_INFORMATION_FORMAT = "dwarf-with-dsym";
				ENABLE_NS_ASSERTIONS = NO;
				ENABLE_STRICT_OBJC_MSGSEND = YES;
				GCC_C_LANGUAGE_STANDARD = gnu99;
				GCC_NO_COMMON_BLOCKS = YES;
				GCC_WARN_64_TO_32_BIT_CONVERSION = YES;
				GCC_WARN_ABOUT_RETURN_TYPE = YES_ERROR;
				GCC_WARN_UNDECLARED_SELECTOR = YES;
				GCC_WARN_UNINITIALIZED_AUTOS = YES_AGGRESSIVE;
				GCC_WARN_UNUSED_FUNCTION = YES;
				GCC_WARN_UNUSED_VARIABLE = YES;
				IPHONEOS_DEPLOYMENT_TARGET = 8.4;
				MTL_ENABLE_DEBUG_INFO = NO;
				SDKROOT = iphoneos;
				VALIDATE_PRODUCT = YES;
			};
			name = Release;
		};
		9400A8051C37EE3F00FA01C0 /* Debug */ = {
			isa = XCBuildConfiguration;
			buildSettings = {
				ASSETCATALOG_COMPILER_APPICON_NAME = AppIcon;
				INFOPLIST_FILE = Registro/Info.plist;
				LD_RUNPATH_SEARCH_PATHS = "$(inherited) @executable_path/Frameworks";
				PRODUCT_NAME = "$(TARGET_NAME)";
			};
			name = Debug;
		};
		9400A8061C37EE3F00FA01C0 /* Release */ = {
			isa = XCBuildConfiguration;
			buildSettings = {
				ASSETCATALOG_COMPILER_APPICON_NAME = AppIcon;
				INFOPLIST_FILE = Registro/Info.plist;
				LD_RUNPATH_SEARCH_PATHS = "$(inherited) @executable_path/Frameworks";
				PRODUCT_NAME = "$(TARGET_NAME)";
			};
			name = Release;
		};
		9400A8081C37EE3F00FA01C0 /* Debug */ = {
			isa = XCBuildConfiguration;
			buildSettings = {
				BUNDLE_LOADER = "$(TEST_HOST)";
				FRAMEWORK_SEARCH_PATHS = (
					"$(SDKROOT)/Developer/Library/Frameworks",
					"$(inherited)",
				);
				GCC_PREPROCESSOR_DEFINITIONS = (
					"DEBUG=1",
					"$(inherited)",
				);
				INFOPLIST_FILE = RegistroTests/Info.plist;
				LD_RUNPATH_SEARCH_PATHS = "$(inherited) @executable_path/Frameworks @loader_path/Frameworks";
				PRODUCT_NAME = "$(TARGET_NAME)";
				TEST_HOST = "$(BUILT_PRODUCTS_DIR)/Registro.app/Registro";
			};
			name = Debug;
		};
		9400A8091C37EE3F00FA01C0 /* Release */ = {
			isa = XCBuildConfiguration;
			buildSettings = {
				BUNDLE_LOADER = "$(TEST_HOST)";
				FRAMEWORK_SEARCH_PATHS = (
					"$(SDKROOT)/Developer/Library/Frameworks",
					"$(inherited)",
				);
				INFOPLIST_FILE = RegistroTests/Info.plist;
				LD_RUNPATH_SEARCH_PATHS = "$(inherited) @executable_path/Frameworks @loader_path/Frameworks";
				PRODUCT_NAME = "$(TARGET_NAME)";
				TEST_HOST = "$(BUILT_PRODUCTS_DIR)/Registro.app/Registro";
			};
			name = Release;
		};
/* End XCBuildConfiguration section */

/* Begin XCConfigurationList section */
		9400A7DC1C37EE3F00FA01C0 /* Build configuration list for PBXProject "Registro" */ = {
			isa = XCConfigurationList;
			buildConfigurations = (
				9400A8021C37EE3F00FA01C0 /* Debug */,
				9400A8031C37EE3F00FA01C0 /* Release */,
			);
			defaultConfigurationIsVisible = 0;
			defaultConfigurationName = Release;
		};
		9400A8041C37EE3F00FA01C0 /* Build configuration list for PBXNativeTarget "Registro" */ = {
			isa = XCConfigurationList;
			buildConfigurations = (
				9400A8051C37EE3F00FA01C0 /* Debug */,
				9400A8061C37EE3F00FA01C0 /* Release */,
			);
			defaultConfigurationIsVisible = 0;
			defaultConfigurationName = Release;
		};
		9400A8071C37EE3F00FA01C0 /* Build configuration list for PBXNativeTarget "RegistroTests" */ = {
			isa = XCConfigurationList;
			buildConfigurations = (
				9400A8081C37EE3F00FA01C0 /* Debug */,
				9400A8091C37EE3F00FA01C0 /* Release */,
			);
			defaultConfigurationIsVisible = 0;
			defaultConfigurationName = Release;
		};
/* End XCConfigurationList section */
	};
	rootObject = 9400A7D91C37EE3F00FA01C0 /* Project object */;
}
